
Microsoft Visual Studio Solution File, Format Version 12.00
# Visual Studio Version 17
VisualStudioVersion = 17.14.37411.7 d17.14
MinimumVisualStudioVersion = 10.0.40219.1
Project("{FAE04EC0-301F-11D3-BF4B-00C04F79EFBC}") = "SistemaGestaoOficina", "SistemaGestaoOficina\SistemaGestaoOficina.csproj", "{670392AA-0588-4B79-A726-7A00A80562E2}"
EndProject
Global
	GlobalSection(SolutionConfigurationPlatforms) = preSolution
		Debug|Any CPU = Debug|Any CPU
		Release|Any CPU = Release|Any CPU
	EndGlobalSection
	GlobalSection(ProjectConfigurationPlatforms) = postSolution
		{670392AA-0588-4B79-A726-7A00A80562E2}.Debug|Any CPU.ActiveCfg = Debug|Any CPU
		{670392AA-0588-4B79-A726-7A00A80562E2}.Debug|Any CPU.Build.0 = Debug|Any CPU
		{670392AA-0588-4B79-A726-7A00A80562E2}.Release|Any CPU.ActiveCfg = Release|Any CPU
		{670392AA-0588-4B79-A726-7A00A80562E2}.Release|Any CPU.Build.0 = Release|Any CPU
	EndGlobalSection
	GlobalSection(SolutionProperties) = preSolution
		HideSolutionNode = FALSE
	EndGlobalSection
	GlobalSection(ExtensibilityGlobals) = postSolution
		SolutionGuid = {5EE8D03A-954C-4193-B486-40E9DEFEEBD2}
	EndGlobalSection
EndGlobal
